
Microsoft Visual Studio Solution File, Format Version 12.00
# Visual Studio 14
VisualStudioVersion = 14.0.23107.0
MinimumVisualStudioVersion = 10.0.40219.1
Project("{FAE04EC0-301F-11D3-BF4B-00C04F79EFBC}") = "sleuthkit-sharp", "src\sleuthkit-sharp.csproj", "{828A2D64-EFAD-496C-A369-7C8658AE4FFA}"
EndProject
Project("{8BC9CEB8-8B4A-11D0-8D11-00A0C91BC942}") = "libtsk4", "libtsk4-win32\libtsk4.vcxproj", "{DF313F6E-4C87-41F9-B6BF-2416B472E7C8}"
EndProject
Project("{FAE04EC0-301F-11D3-BF4B-00C04F79EFBC}") = "unit-tests", "unit-tests\unit-tests.csproj", "{479E21D5-52E1-44DF-90EA-6EE385EA4973}"
EndProject
Global
	GlobalSection(SolutionConfigurationPlatforms) = preSolution
		Debug|x64 = Debug|x64
		Debug|x86 = Debug|x86
		Release|x64 = Release|x64
		Release|x86 = Release|x86
	EndGlobalSection
	GlobalSection(ProjectConfigurationPlatforms) = postSolution
		{828A2D64-EFAD-496C-A369-7C8658AE4FFA}.Debug|x64.ActiveCfg = Debug|x64
		{828A2D64-EFAD-496C-A369-7C8658AE4FFA}.Debug|x64.Build.0 = Debug|x64
		{828A2D64-EFAD-496C-A369-7C8658AE4FFA}.Debug|x86.ActiveCfg = Debug|x86
		{828A2D64-EFAD-496C-A369-7C8658AE4FFA}.Debug|x86.Build.0 = Debug|x86
		{828A2D64-EFAD-496C-A369-7C8658AE4FFA}.Release|x64.ActiveCfg = Release|x64
		{828A2D64-EFAD-496C-A369-7C8658AE4FFA}.Release|x64.Build.0 = Release|x64
		{828A2D64-EFAD-496C-A369-7C8658AE4FFA}.Release|x86.ActiveCfg = Release|x86
		{828A2D64-EFAD-496C-A369-7C8658AE4FFA}.Release|x86.Build.0 = Release|x86
		{DF313F6E-4C87-41F9-B6BF-2416B472E7C8}.Debug|x64.ActiveCfg = Debug|x64
		{DF313F6E-4C87-41F9-B6BF-2416B472E7C8}.Debug|x64.Build.0 = Debug|x64
		{DF313F6E-4C87-41F9-B6BF-2416B472E7C8}.Debug|x86.ActiveCfg = Debug|Win32
		{DF313F6E-4C87-41F9-B6BF-2416B472E7C8}.Debug|x86.Build.0 = Debug|Win32
		{DF313F6E-4C87-41F9-B6BF-2416B472E7C8}.Release|x64.ActiveCfg = Release|x64
		{DF313F6E-4C87-41F9-B6BF-2416B472E7C8}.Release|x64.Build.0 = Release|x64
		{DF313F6E-4C87-41F9-B6BF-2416B472E7C8}.Release|x86.ActiveCfg = Release|Win32
		{DF313F6E-4C87-41F9-B6BF-2416B472E7C8}.Release|x86.Build.0 = Release|Win32
		{479E21D5-52E1-44DF-90EA-6EE385EA4973}.Debug|x64.ActiveCfg = Debug|Any CPU
		{479E21D5-52E1-44DF-90EA-6EE385EA4973}.Debug|x64.Build.0 = Debug|Any CPU
		{479E21D5-52E1-44DF-90EA-6EE385EA4973}.Debug|x86.ActiveCfg = Debug|Any CPU
		{479E21D5-52E1-44DF-90EA-6EE385EA4973}.Debug|x86.Build.0 = Debug|Any CPU
		{479E21D5-52E1-44DF-90EA-6EE385EA4973}.Release|x64.ActiveCfg = Release|Any CPU
		{479E21D5-52E1-44DF-90EA-6EE385EA4973}.Release|x64.Build.0 = Release|Any CPU
		{479E21D5-52E1-44DF-90EA-6EE385EA4973}.Release|x86.ActiveCfg = Release|Any CPU
		{479E21D5-52E1-44DF-90EA-6EE385EA4973}.Release|x86.Build.0 = Release|Any CPU
	EndGlobalSection
	GlobalSection(SolutionProperties) = preSolution
		HideSolutionNode = FALSE
	EndGlobalSection
EndGlobal
